
Microsoft Visual Studio Solution File, Format Version 12.00
# Visual Studio 15
VisualStudioVersion = 15.0.28010.2026
MinimumVisualStudioVersion = 10.0.40219.1
Project("{9A19103F-16F7-4668-BE54-9A1E7A4F7556}") = "Hackathon", "IDev-Solution\Hackathon.csproj", "{09B39D84-0792-472D-BBD8-9268757A7AF6}"
EndProject
Global
	GlobalSection(SolutionConfigurationPlatforms) = preSolution
		Debug|Any CPU = Debug|Any CPU
		Release|Any CPU = Release|Any CPU
	EndGlobalSection
	GlobalSection(ProjectConfigurationPlatforms) = postSolution
		{09B39D84-0792-472D-BBD8-9268757A7AF6}.Debug|Any CPU.ActiveCfg = Debug|Any CPU
		{09B39D84-0792-472D-BBD8-9268757A7AF6}.Debug|Any CPU.Build.0 = Debug|Any CPU
		{09B39D84-0792-472D-BBD8-9268757A7AF6}.Release|Any CPU.ActiveCfg = Release|Any CPU
		{09B39D84-0792-472D-BBD8-9268757A7AF6}.Release|Any CPU.Build.0 = Release|Any CPU
	EndGlobalSection
	GlobalSection(SolutionProperties) = preSolution
		HideSolutionNode = FALSE
	EndGlobalSection
	GlobalSection(ExtensibilityGlobals) = postSolution
		SolutionGuid = {9AC46431-CFC5-4E60-A8E4-ABBF5ED3C989}
	EndGlobalSection
EndGlobal
